// !$*UTF8*$!
{
	archiveVersion = 1;
	classes = {
	};
	objectVersion = 55;
	objects = {

/* Begin PBXBuildFile section */
		3017956A27589AF300EB0002 /* StartNaviVC.m in Sources */ = {isa = PBXBuildFile; fileRef = 3017956927589AF300EB0002 /* StartNaviVC.m */; };
		30179573275A36AC00EB0002 /* userTest.png in Resources */ = {isa = PBXBuildFile; fileRef = 30179572275A36AC00EB0002 /* userTest.png */; };
		301A460E276255AE00F6810C /* guoshu.png in Resources */ = {isa = PBXBuildFile; fileRef = 301A45F1276255AC00F6810C /* guoshu.png */; };
		301A460F276255AE00F6810C /* zhufang.png in Resources */ = {isa = PBXBuildFile; fileRef = 301A45F2276255AC00F6810C /* zhufang.png */; };
		301A4610276255AE00F6810C /* naicha.png in Resources */ = {isa = PBXBuildFile; fileRef = 301A45F3276255AC00F6810C /* naicha.png */; };
		301A4611276255AE00F6810C /* shuma.png in Resources */ = {isa = PBXBuildFile; fileRef = 301A45F4276255AC00F6810C /* shuma.png */; };
		301A4612276255AE00F6810C /* shejiao.png in Resources */ = {isa = PBXBuildFile; fileRef = 301A45F5276255AC00F6810C /* shejiao.png */; };
		301A4613276255AE00F6810C /* xiemao.png in Resources */ = {isa = PBXBuildFile; fileRef = 301A45F6276255AC00F6810C /* xiemao.png */; };
		301A4614276255AE00F6810C /* yifu.png in Resources */ = {isa = PBXBuildFile; fileRef = 301A45F7276255AC00F6810C /* yifu.png */; };
		301A4615276255AE00F6810C /* caipiao.png in Resources */ = {isa = PBXBuildFile; fileRef = 301A45F8276255AC00F6810C /* caipiao.png */; };
		301A4616276255AE00F6810C /* tongxun.png in Resources */ = {isa = PBXBuildFile; fileRef = 301A45F9276255AD00F6810C /* tongxun.png */; };
		301A4617276255AE00F6810C /* jiaotong.png in Resources */ = {isa = PBXBuildFile; fileRef = 301A45FA276255AD00F6810C /* jiaotong.png */; };
		301A4618276255AE00F6810C /* jianshen.png in Resources */ = {isa = PBXBuildFile; fileRef = 301A45FB276255AD00F6810C /* jianshen.png */; };
		301A4619276255AE00F6810C /* dianying.png in Resources */ = {isa = PBXBuildFile; fileRef = 301A45FC276255AD00F6810C /* dianying.png */; };
		301A461A276255AE00F6810C /* muying.png in Resources */ = {isa = PBXBuildFile; fileRef = 301A45FD276255AD00F6810C /* muying.png */; };
		301A461B276255AE00F6810C /* meirong.png in Resources */ = {isa = PBXBuildFile; fileRef = 301A45FE276255AD00F6810C /* meirong.png */; };
		301A461C276255AE00F6810C /* chongwu.png in Resources */ = {isa = PBXBuildFile; fileRef = 301A45FF276255AD00F6810C /* chongwu.png */; };
		301A461D276255AE00F6810C /* qiche.png in Resources */ = {isa = PBXBuildFile; fileRef = 301A4600276255AD00F6810C /* qiche.png */; };
		301A461E276255AE00F6810C /* licai.png in Resources */ = {isa = PBXBuildFile; fileRef = 301A4601276255AD00F6810C /* licai.png */; };
		301A461F276255AE00F6810C /* lvyou.png in Resources */ = {isa = PBXBuildFile; fileRef = 301A4602276255AD00F6810C /* lvyou.png */; };
		301A4620276255AE00F6810C /* yvle.png in Resources */ = {isa = PBXBuildFile; fileRef = 301A4603276255AD00F6810C /* yvle.png */; };
		301A4621276255AE00F6810C /* shuji.png in Resources */ = {isa = PBXBuildFile; fileRef = 301A4604276255AD00F6810C /* shuji.png */; };
		301A4622276255AE00F6810C /* yundong.png in Resources */ = {isa = PBXBuildFile; fileRef = 301A4605276255AD00F6810C /* yundong.png */; };
		301A4623276255AE00F6810C /* wangluo.png in Resources */ = {isa = PBXBuildFile; fileRef = 301A4606276255AD00F6810C /* wangluo.png */; };
		301A4624276255AE00F6810C /* yiliao.png in Resources */ = {isa = PBXBuildFile; fileRef = 301A4607276255AD00F6810C /* yiliao.png */; };
		301A4625276255AE00F6810C /* canyin.png in Resources */ = {isa = PBXBuildFile; fileRef = 301A4608276255AD00F6810C /* canyin.png */; };
		301A4626276255AE00F6810C /* fangdai.png in Resources */ = {isa = PBXBuildFile; fileRef = 301A4609276255AD00F6810C /* fangdai.png */; };
		301A4627276255AE00F6810C /* wenjv.png in Resources */ = {isa = PBXBuildFile; fileRef = 301A460A276255AD00F6810C /* wenjv.png */; };
		301A4628276255AE00F6810C /* lingshi.png in Resources */ = {isa = PBXBuildFile; fileRef = 301A460B276255AD00F6810C /* lingshi.png */; };
		301A4629276255AE00F6810C /* yanjiu.png in Resources */ = {isa = PBXBuildFile; fileRef = 301A460C276255AD00F6810C /* yanjiu.png */; };
		301A462A276255AE00F6810C /* jiezhi.png in Resources */ = {isa = PBXBuildFile; fileRef = 301A460D276255AD00F6810C /* jiezhi.png */; };
		302A35D1274BF2D2003BAED3 /* LoginVC.m in Sources */ = {isa = PBXBuildFile; fileRef = 302A35D0274BF2D2003BAED3 /* LoginVC.m */; };
		302A35D3274BF2E4003BAED3 /* SignUpVC.m in Sources */ = {isa = PBXBuildFile; fileRef = 302A35D2274BF2E4003BAED3 /* SignUpVC.m */; };
		302B5895275DE8B70097B7C3 /* ModifyMes.m in Sources */ = {isa = PBXBuildFile; fileRef = 302B5894275DE8B70097B7C3 /* ModifyMes.m */; };
		302B8837275C6D5600DB2EED /* SettingVC.m in Sources */ = {isa = PBXBuildFile; fileRef = 302B8836275C6D5600DB2EED /* SettingVC.m */; };
		302B883B275C858000DB2EED /* SettingRootVC.m in Sources */ = {isa = PBXBuildFile; fileRef = 302B8839275C858000DB2EED /* SettingRootVC.m */; };
		302B883F275D11D900DB2EED /* userImg.png in Resources */ = {isa = PBXBuildFile; fileRef = 302B883C275D11D900DB2EED /* userImg.png */; };
		302B8840275D11D900DB2EED /* settingIcon.png in Resources */ = {isa = PBXBuildFile; fileRef = 302B883D275D11D900DB2EED /* settingIcon.png */; };
		302B8841275D11D900DB2EED /* detailIcon.png in Resources */ = {isa = PBXBuildFile; fileRef = 302B883E275D11D900DB2EED /* detailIcon.png */; };
		3036FC28274C8D5E00ECDF89 /* DetailVC.m in Sources */ = {isa = PBXBuildFile; fileRef = 3036FC27274C8D5E00ECDF89 /* DetailVC.m */; };
		3036FC2B274C8D8000ECDF89 /* ChartVC.m in Sources */ = {isa = PBXBuildFile; fileRef = 3036FC2A274C8D8000ECDF89 /* ChartVC.m */; };
		3036FC2D274C8E3000ECDF89 /* ExtendedVC.m in Sources */ = {isa = PBXBuildFile; fileRef = 3036FC2C274C8E3000ECDF89 /* ExtendedVC.m */; };
		3036FC31274C8E6C00ECDF89 /* PersonalVC.m in Sources */ = {isa = PBXBuildFile; fileRef = 3036FC30274C8E6C00ECDF89 /* PersonalVC.m */; };
		3036FC34274C903600ECDF89 /* NewEntryVC.m in Sources */ = {isa = PBXBuildFile; fileRef = 3036FC33274C903600ECDF89 /* NewEntryVC.m */; };
		3037CB16273D137C0013EEBB /* AppDelegate.m in Sources */ = {isa = PBXBuildFile; fileRef = 3037CB15273D137C0013EEBB /* AppDelegate.m */; };
		3037CB19273D137C0013EEBB /* SceneDelegate.m in Sources */ = {isa = PBXBuildFile; fileRef = 3037CB18273D137C0013EEBB /* SceneDelegate.m */; };
		3037CB1C273D137C0013EEBB /* TabBarVC.m in Sources */ = {isa = PBXBuildFile; fileRef = 3037CB1B273D137C0013EEBB /* TabBarVC.m */; };
		3037CB21273D13840013EEBB /* Assets.xcassets in Resources */ = {isa = PBXBuildFile; fileRef = 3037CB20273D13840013EEBB /* Assets.xcassets */; };
		3037CB24273D13840013EEBB /* LaunchScreen.storyboard in Resources */ = {isa = PBXBuildFile; fileRef = 3037CB22273D13840013EEBB /* LaunchScreen.storyboard */; };
		3037CB27273D13840013EEBB /* main.m in Sources */ = {isa = PBXBuildFile; fileRef = 3037CB26273D13840013EEBB /* main.m */; };
		3037CB31273D13840013EEBB /* finalhwTests.m in Sources */ = {isa = PBXBuildFile; fileRef = 3037CB30273D13840013EEBB /* finalhwTests.m */; };
		3037CB3B273D13850013EEBB /* finalhwUITests.m in Sources */ = {isa = PBXBuildFile; fileRef = 3037CB3A273D13850013EEBB /* finalhwUITests.m */; };
		3037CB3D273D13850013EEBB /* finalhwUITestsLaunchTests.m in Sources */ = {isa = PBXBuildFile; fileRef = 3037CB3C273D13850013EEBB /* finalhwUITestsLaunchTests.m */; };
		309C33E827605869004D627C /* ChartNaviVC.m in Sources */ = {isa = PBXBuildFile; fileRef = 309C33E727605869004D627C /* ChartNaviVC.m */; };
		30CF24842764991300C1C858 /* NewEntryNaviVC.m in Sources */ = {isa = PBXBuildFile; fileRef = 30CF24832764991300C1C858 /* NewEntryNaviVC.m */; };
		30CF24872764AD5200C1C858 /* DetailNaviVC.m in Sources */ = {isa = PBXBuildFile; fileRef = 30CF24862764AD5200C1C858 /* DetailNaviVC.m */; };
		30FA7D80275F00990075BEC6 /* DataManage.m in Sources */ = {isa = PBXBuildFile; fileRef = 30FA7D7F275F00990075BEC6 /* DataManage.m */; };
		3CBBE4AB2779F335009B6269 /* ChangePassword.m in Sources */ = {isa = PBXBuildFile; fileRef = 3CBBE4AA2779F335009B6269 /* ChangePassword.m */; };
		3CBBE4AD2779F3FD009B6269 /* add.png in Resources */ = {isa = PBXBuildFile; fileRef = 3CBBE4AC2779F3FD009B6269 /* add.png */; };
		4B6DD1C4C26C51F412476C2F /* yes.png in Resources */ = {isa = PBXBuildFile; fileRef = 4B6DD52DAD5F1FF01C270F94 /* yes.png */; };
		4B6DD396E7625A72E1871F6A /* cal.png in Resources */ = {isa = PBXBuildFile; fileRef = 4B6DD49D975A5843287D9838 /* cal.png */; };
		4B6DD40FDC184E0B5C5FF116 /* SubViewPieVC.m in Sources */ = {isa = PBXBuildFile; fileRef = 4B6DDF8E9D2CB34638E59AA0 /* SubViewPieVC.m */; };
		4B6DDBD47EF37CD4C86FA7CB /* no.png in Resources */ = {isa = PBXBuildFile; fileRef = 4B6DDFDE80BEF0D14F7A6F09 /* no.png */; };
		DFB56A07277B503600D9F8B6 /* extend.png in Resources */ = {isa = PBXBuildFile; fileRef = DFB56A06277B503600D9F8B6 /* extend.png */; };
/* End PBXBuildFile section */

/* Begin PBXContainerItemProxy section */
		3037CB2D273D13840013EEBB /* PBXContainerItemProxy */ = {
			isa = PBXContainerItemProxy;
			containerPortal = 3037CB09273D137C0013EEBB /* Project object */;
			proxyType = 1;
			remoteGlobalIDString = 3037CB10273D137C0013EEBB;
			remoteInfo = finalhw;
		};
		3037CB37273D13850013EEBB /* PBXContainerItemProxy */ = {
			isa = PBXContainerItemProxy;
			containerPortal = 3037CB09273D137C0013EEBB /* Project object */;
			proxyType = 1;
			remoteGlobalIDString = 3037CB10273D137C0013EEBB;
			remoteInfo = finalhw;
		};
/* End PBXContainerItemProxy section */

/* Begin PBXFileReference section */
		3017956927589AF300EB0002 /* StartNaviVC.m */ = {isa = PBXFileReference; lastKnownFileType = sourcecode.c.objc; path = StartNaviVC.m; sourceTree = "<group>"; };
		3017956B27589B0900EB0002 /* StartNaviVC.h */ = {isa = PBXFileReference; lastKnownFileType = sourcecode.c.h; path = StartNaviVC.h; sourceTree = "<group>"; };
		3017956C2758C1D400EB0002 /* keepMethod.m */ = {isa = PBXFileReference; lastKnownFileType = sourcecode.c.objc; path = keepMethod.m; sourceTree = "<group>"; };
		30179572275A36AC00EB0002 /* userTest.png */ = {isa = PBXFileReference; lastKnownFileType = image.png; path = userTest.png; sourceTree = "<group>"; };
		301A45F1276255AC00F6810C /* guoshu.png */ = {isa = PBXFileReference; lastKnownFileType = image.png; path = guoshu.png; sourceTree = "<group>"; };
		301A45F2276255AC00F6810C /* zhufang.png */ = {isa = PBXFileReference; lastKnownFileType = image.png; path = zhufang.png; sourceTree = "<group>"; };
		301A45F3276255AC00F6810C /* naicha.png */ = {isa = PBXFileReference; lastKnownFileType = image.png; path = naicha.png; sourceTree = "<group>"; };
		301A45F4276255AC00F6810C /* shuma.png */ = {isa = PBXFileReference; lastKnownFileType = image.png; path = shuma.png; sourceTree = "<group>"; };
		301A45F5276255AC00F6810C /* shejiao.png */ = {isa = PBXFileReference; lastKnownFileType = image.png; path = shejiao.png; sourceTree = "<group>"; };
		301A45F6276255AC00F6810C /* xiemao.png */ = {isa = PBXFileReference; lastKnownFileType = image.png; path = xiemao.png; sourceTree = "<group>"; };
		301A45F7276255AC00F6810C /* yifu.png */ = {isa = PBXFileReference; lastKnownFileType = image.png; path = yifu.png; sourceTree = "<group>"; };
		301A45F8276255AC00F6810C /* caipiao.png */ = {isa = PBXFileReference; lastKnownFileType = image.png; path = caipiao.png; sourceTree = "<group>"; };
		301A45F9276255AD00F6810C /* tongxun.png */ = {isa = PBXFileReference; lastKnownFileType = image.png; path = tongxun.png; sourceTree = "<group>"; };
		301A45FA276255AD00F6810C /* jiaotong.png */ = {isa = PBXFileReference; lastKnownFileType = image.png; path = jiaotong.png; sourceTree = "<group>"; };
		301A45FB276255AD00F6810C /* jianshen.png */ = {isa = PBXFileReference; lastKnownFileType = image.png; path = jianshen.png; sourceTree = "<group>"; };
		301A45FC276255AD00F6810C /* dianying.png */ = {isa = PBXFileReference; lastKnownFileType = image.png; path = dianying.png; sourceTree = "<group>"; };
		301A45FD276255AD00F6810C /* muying.png */ = {isa = PBXFileReference; lastKnownFileType = image.png; path = muying.png; sourceTree = "<group>"; };
		301A45FE276255AD00F6810C /* meirong.png */ = {isa = PBXFileReference; lastKnownFileType = image.png; path = meirong.png; sourceTree = "<group>"; };
		301A45FF276255AD00F6810C /* chongwu.png */ = {isa = PBXFileReference; lastKnownFileType = image.png; path = chongwu.png; sourceTree = "<group>"; };
		301A4600276255AD00F6810C /* qiche.png */ = {isa = PBXFileReference; lastKnownFileType = image.png; path = qiche.png; sourceTree = "<group>"; };
		301A4601276255AD00F6810C /* licai.png */ = {isa = PBXFileReference; lastKnownFileType = image.png; path = licai.png; sourceTree = "<group>"; };
		301A4602276255AD00F6810C /* lvyou.png */ = {isa = PBXFileReference; lastKnownFileType = image.png; path = lvyou.png; sourceTree = "<group>"; };
		301A4603276255AD00F6810C /* yvle.png */ = {isa = PBXFileReference; lastKnownFileType = image.png; path = yvle.png; sourceTree = "<group>"; };
		301A4604276255AD00F6810C /* shuji.png */ = {isa = PBXFileReference; lastKnownFileType = image.png; path = shuji.png; sourceTree = "<group>"; };
		301A4605276255AD00F6810C /* yundong.png */ = {isa = PBXFileReference; lastKnownFileType = image.png; path = yundong.png; sourceTree = "<group>"; };
		301A4606276255AD00F6810C /* wangluo.png */ = {isa = PBXFileReference; lastKnownFileType = image.png; path = wangluo.png; sourceTree = "<group>"; };
		301A4607276255AD00F6810C /* yiliao.png */ = {isa = PBXFileReference; lastKnownFileType = image.png; path = yiliao.png; sourceTree = "<group>"; };
		301A4608276255AD00F6810C /* canyin.png */ = {isa = PBXFileReference; lastKnownFileType = image.png; path = canyin.png; sourceTree = "<group>"; };
		301A4609276255AD00F6810C /* fangdai.png */ = {isa = PBXFileReference; lastKnownFileType = image.png; path = fangdai.png; sourceTree = "<group>"; };
		301A460A276255AD00F6810C /* wenjv.png */ = {isa = PBXFileReference; lastKnownFileType = image.png; path = wenjv.png; sourceTree = "<group>"; };
		301A460B276255AD00F6810C /* lingshi.png */ = {isa = PBXFileReference; lastKnownFileType = image.png; path = lingshi.png; sourceTree = "<group>"; };
		301A460C276255AD00F6810C /* yanjiu.png */ = {isa = PBXFileReference; lastKnownFileType = image.png; path = yanjiu.png; sourceTree = "<group>"; };
		301A460D276255AD00F6810C /* jiezhi.png */ = {isa = PBXFileReference; lastKnownFileType = image.png; path = jiezhi.png; sourceTree = "<group>"; };
		302A35CE274BF2A1003BAED3 /* LoginVC.h */ = {isa = PBXFileReference; lastKnownFileType = sourcecode.c.h; path = LoginVC.h; sourceTree = "<group>"; };
		302A35CF274BF2C0003BAED3 /* SignUpVC.h */ = {isa = PBXFileReference; lastKnownFileType = sourcecode.c.h; path = SignUpVC.h; sourceTree = "<group>"; };
		302A35D0274BF2D2003BAED3 /* LoginVC.m */ = {isa = PBXFileReference; lastKnownFileType = sourcecode.c.objc; path = LoginVC.m; sourceTree = "<group>"; };
		302A35D2274BF2E4003BAED3 /* SignUpVC.m */ = {isa = PBXFileReference; lastKnownFileType = sourcecode.c.objc; path = SignUpVC.m; sourceTree = "<group>"; };
		302B5893275DE8AC0097B7C3 /* ModifyMes.h */ = {isa = PBXFileReference; lastKnownFileType = sourcecode.c.h; path = ModifyMes.h; sourceTree = "<group>"; };
		302B5894275DE8B70097B7C3 /* ModifyMes.m */ = {isa = PBXFileReference; lastKnownFileType = sourcecode.c.objc; path = ModifyMes.m; sourceTree = "<group>"; };
		302B8835275C6D4800DB2EED /* SettingVC.h */ = {isa = PBXFileReference; lastKnownFileType = sourcecode.c.h; path = SettingVC.h; sourceTree = "<group>"; };
		302B8836275C6D5600DB2EED /* SettingVC.m */ = {isa = PBXFileReference; lastKnownFileType = sourcecode.c.objc; path = SettingVC.m; sourceTree = "<group>"; };
		302B8839275C858000DB2EED /* SettingRootVC.m */ = {isa = PBXFileReference; fileEncoding = 4; lastKnownFileType = sourcecode.c.objc; path = SettingRootVC.m; sourceTree = "<group>"; };
		302B883A275C858000DB2EED /* SettingRootVC.h */ = {isa = PBXFileReference; fileEncoding = 4; lastKnownFileType = sourcecode.c.h; path = SettingRootVC.h; sourceTree = "<group>"; };
		302B883C275D11D900DB2EED /* userImg.png */ = {isa = PBXFileReference; lastKnownFileType = image.png; path = userImg.png; sourceTree = "<group>"; };
		302B883D275D11D900DB2EED /* settingIcon.png */ = {isa = PBXFileReference; lastKnownFileType = image.png; path = settingIcon.png; sourceTree = "<group>"; };
		302B883E275D11D900DB2EED /* detailIcon.png */ = {isa = PBXFileReference; lastKnownFileType = image.png; path = detailIcon.png; sourceTree = "<group>"; };
		3036FC26274C8D4B00ECDF89 /* DetailVC.h */ = {isa = PBXFileReference; lastKnownFileType = sourcecode.c.h; path = DetailVC.h; sourceTree = "<group>"; };
		3036FC27274C8D5E00ECDF89 /* DetailVC.m */ = {isa = PBXFileReference; lastKnownFileType = sourcecode.c.objc; path = DetailVC.m; sourceTree = "<group>"; };
		3036FC29274C8D7100ECDF89 /* ChartVC.h */ = {isa = PBXFileReference; lastKnownFileType = sourcecode.c.h; path = ChartVC.h; sourceTree = "<group>"; };
		3036FC2A274C8D8000ECDF89 /* ChartVC.m */ = {isa = PBXFileReference; lastKnownFileType = sourcecode.c.objc; path = ChartVC.m; sourceTree = "<group>"; };
		3036FC2C274C8E3000ECDF89 /* ExtendedVC.m */ = {isa = PBXFileReference; lastKnownFileType = sourcecode.c.objc; path = ExtendedVC.m; sourceTree = "<group>"; };
		3036FC2E274C8E4400ECDF89 /* ExtendedVC.h */ = {isa = PBXFileReference; lastKnownFileType = sourcecode.c.h; path = ExtendedVC.h; sourceTree = "<group>"; };
		3036FC2F274C8E5C00ECDF89 /* PersonalVC.h */ = {isa = PBXFileReference; lastKnownFileType = sourcecode.c.h; path = PersonalVC.h; sourceTree = "<group>"; };
		3036FC30274C8E6C00ECDF89 /* PersonalVC.m */ = {isa = PBXFileReference; lastKnownFileType = sourcecode.c.objc; path = PersonalVC.m; sourceTree = "<group>"; };
		3036FC32274C902600ECDF89 /* NewEntryVC.h */ = {isa = PBXFileReference; lastKnownFileType = sourcecode.c.h; path = NewEntryVC.h; sourceTree = "<group>"; };
		3036FC33274C903600ECDF89 /* NewEntryVC.m */ = {isa = PBXFileReference; lastKnownFileType = sourcecode.c.objc; path = NewEntryVC.m; sourceTree = "<group>"; };
		3037CB11273D137C0013EEBB /* finalhw.app */ = {isa = PBXFileReference; explicitFileType = wrapper.application; includeInIndex = 0; path = finalhw.app; sourceTree = BUILT_PRODUCTS_DIR; };
		3037CB14273D137C0013EEBB /* AppDelegate.h */ = {isa = PBXFileReference; lastKnownFileType = sourcecode.c.h; path = AppDelegate.h; sourceTree = "<group>"; };
		3037CB15273D137C0013EEBB /* AppDelegate.m */ = {isa = PBXFileReference; lastKnownFileType = sourcecode.c.objc; path = AppDelegate.m; sourceTree = "<group>"; };
		3037CB17273D137C0013EEBB /* SceneDelegate.h */ = {isa = PBXFileReference; lastKnownFileType = sourcecode.c.h; path = SceneDelegate.h; sourceTree = "<group>"; };
		3037CB18273D137C0013EEBB /* SceneDelegate.m */ = {isa = PBXFileReference; lastKnownFileType = sourcecode.c.objc; path = SceneDelegate.m; sourceTree = "<group>"; };
		3037CB1A273D137C0013EEBB /* TabBarVC.h */ = {isa = PBXFileReference; lastKnownFileType = sourcecode.c.h; path = TabBarVC.h; sourceTree = "<group>"; };
		3037CB1B273D137C0013EEBB /* TabBarVC.m */ = {isa = PBXFileReference; lastKnownFileType = sourcecode.c.objc; path = TabBarVC.m; sourceTree = "<group>"; };
		3037CB20273D13840013EEBB /* Assets.xcassets */ = {isa = PBXFileReference; lastKnownFileType = folder.assetcatalog; path = Assets.xcassets; sourceTree = "<group>"; };
		3037CB23273D13840013EEBB /* Base */ = {isa = PBXFileReference; lastKnownFileType = file.storyboard; name = Base; path = Base.lproj/LaunchScreen.storyboard; sourceTree = "<group>"; };
		3037CB25273D13840013EEBB /* Info.plist */ = {isa = PBXFileReference; lastKnownFileType = text.plist.xml; path = Info.plist; sourceTree = "<group>"; };
		3037CB26273D13840013EEBB /* main.m */ = {isa = PBXFileReference; lastKnownFileType = sourcecode.c.objc; path = main.m; sourceTree = "<group>"; };
		3037CB2C273D13840013EEBB /* finalhwTests.xctest */ = {isa = PBXFileReference; explicitFileType = wrapper.cfbundle; includeInIndex = 0; path = finalhwTests.xctest; sourceTree = BUILT_PRODUCTS_DIR; };
		3037CB30273D13840013EEBB /* finalhwTests.m */ = {isa = PBXFileReference; lastKnownFileType = sourcecode.c.objc; path = finalhwTests.m; sourceTree = "<group>"; };
		3037CB36273D13850013EEBB /* finalhwUITests.xctest */ = {isa = PBXFileReference; explicitFileType = wrapper.cfbundle; includeInIndex = 0; path = finalhwUITests.xctest; sourceTree = BUILT_PRODUCTS_DIR; };
		3037CB3A273D13850013EEBB /* finalhwUITests.m */ = {isa = PBXFileReference; lastKnownFileType = sourcecode.c.objc; path = finalhwUITests.m; sourceTree = "<group>"; };
		3037CB3C273D13850013EEBB /* finalhwUITestsLaunchTests.m */ = {isa = PBXFileReference; lastKnownFileType = sourcecode.c.objc; path = finalhwUITestsLaunchTests.m; sourceTree = "<group>"; };
		309C33E62760584B004D627C /* ChartNaviVC.h */ = {isa = PBXFileReference; lastKnownFileType = sourcecode.c.h; path = ChartNaviVC.h; sourceTree = "<group>"; };
		309C33E727605869004D627C /* ChartNaviVC.m */ = {isa = PBXFileReference; lastKnownFileType = sourcecode.c.objc; path = ChartNaviVC.m; sourceTree = "<group>"; };
		30CF24822764990A00C1C858 /* NewEntryNaviVC.h */ = {isa = PBXFileReference; lastKnownFileType = sourcecode.c.h; path = NewEntryNaviVC.h; sourceTree = "<group>"; };
		30CF24832764991300C1C858 /* NewEntryNaviVC.m */ = {isa = PBXFileReference; lastKnownFileType = sourcecode.c.objc; path = NewEntryNaviVC.m; sourceTree = "<group>"; };
		30CF24852764AD4000C1C858 /* DetailNaviVC.h */ = {isa = PBXFileReference; lastKnownFileType = sourcecode.c.h; path = DetailNaviVC.h; sourceTree = "<group>"; };
		30CF24862764AD5200C1C858 /* DetailNaviVC.m */ = {isa = PBXFileReference; lastKnownFileType = sourcecode.c.objc; path = DetailNaviVC.m; sourceTree = "<group>"; };
		30FA7D7E275F00870075BEC6 /* DataManage.h */ = {isa = PBXFileReference; lastKnownFileType = sourcecode.c.h; path = DataManage.h; sourceTree = "<group>"; };
		30FA7D7F275F00990075BEC6 /* DataManage.m */ = {isa = PBXFileReference; lastKnownFileType = sourcecode.c.objc; path = DataManage.m; sourceTree = "<group>"; };
		3CBBE4A92779F326009B6269 /* ChangePassword.h */ = {isa = PBXFileReference; lastKnownFileType = sourcecode.c.h; path = ChangePassword.h; sourceTree = "<group>"; };
		3CBBE4AA2779F335009B6269 /* ChangePassword.m */ = {isa = PBXFileReference; lastKnownFileType = sourcecode.c.objc; path = ChangePassword.m; sourceTree = "<group>"; };
		3CBBE4AC2779F3FD009B6269 /* add.png */ = {isa = PBXFileReference; lastKnownFileType = image.png; path = add.png; sourceTree = "<group>"; };
		4B6DD49D975A5843287D9838 /* cal.png */ = {isa = PBXFileReference; lastKnownFileType = image.png; path = cal.png; sourceTree = "<group>"; };
		4B6DD52DAD5F1FF01C270F94 /* yes.png */ = {isa = PBXFileReference; lastKnownFileType = image.png; path = yes.png; sourceTree = "<group>"; };
		4B6DDD7786427E9EA9C9CEA8 /* SubViewPieVC.h */ = {isa = PBXFileReference; fileEncoding = 4; lastKnownFileType = sourcecode.c.h; path = SubViewPieVC.h; sourceTree = "<group>"; };
		4B6DDF8E9D2CB34638E59AA0 /* SubViewPieVC.m */ = {isa = PBXFileReference; fileEncoding = 4; lastKnownFileType = sourcecode.c.objc; path = SubViewPieVC.m; sourceTree = "<group>"; };
		4B6DDFDE80BEF0D14F7A6F09 /* no.png */ = {isa = PBXFileReference; lastKnownFileType = image.png; path = no.png; sourceTree = "<group>"; };
		DFB56A06277B503600D9F8B6 /* extend.png */ = {isa = PBXFileReference; lastKnownFileType = image.png; path = extend.png; sourceTree = "<group>"; };
/* End PBXFileReference section */

/* Begin PBXFrameworksBuildPhase section */
		3037CB0E273D137C0013EEBB /* Frameworks */ = {
			isa = PBXFrameworksBuildPhase;
			buildActionMask = 2147483647;
			files = (
			);
			runOnlyForDeploymentPostprocessing = 0;
		};
		3037CB29273D13840013EEBB /* Frameworks */ = {
			isa = PBXFrameworksBuildPhase;
			buildActionMask = 2147483647;
			files = (
			);
			runOnlyForDeploymentPostprocessing = 0;
		};
		3037CB33273D13850013EEBB /* Frameworks */ = {
			isa = PBXFrameworksBuildPhase;
			buildActionMask = 2147483647;
			files = (
			);
			runOnlyForDeploymentPostprocessing = 0;
		};
/* End PBXFrameworksBuildPhase section */

/* Begin PBXGroup section */
		30179570275A348800EB0002 /* Resources */ = {
			isa = PBXGroup;
			children = (
				3CBBE4AC2779F3FD009B6269 /* add.png */,
				302B883E275D11D900DB2EED /* detailIcon.png */,
				302B883D275D11D900DB2EED /* settingIcon.png */,
				302B883C275D11D900DB2EED /* userImg.png */,
				30179572275A36AC00EB0002 /* userTest.png */,
				4B6DD52DAD5F1FF01C270F94 /* yes.png */,
				4B6DDFDE80BEF0D14F7A6F09 /* no.png */,
				4B6DD49D975A5843287D9838 /* cal.png */,
				DFB56A06277B503600D9F8B6 /* extend.png */,
			);
			path = Resources;
			sourceTree = "<group>";
		};
		301A45F0276238B600F6810C /* icon */ = {
			isa = PBXGroup;
			children = (
				301A45F8276255AC00F6810C /* caipiao.png */,
				301A4608276255AD00F6810C /* canyin.png */,
				301A45FF276255AD00F6810C /* chongwu.png */,
				301A45FC276255AD00F6810C /* dianying.png */,
				301A4609276255AD00F6810C /* fangdai.png */,
				301A45F1276255AC00F6810C /* guoshu.png */,
				301A45FB276255AD00F6810C /* jianshen.png */,
				301A45FA276255AD00F6810C /* jiaotong.png */,
				301A460D276255AD00F6810C /* jiezhi.png */,
				301A4601276255AD00F6810C /* licai.png */,
				301A460B276255AD00F6810C /* lingshi.png */,
				301A4602276255AD00F6810C /* lvyou.png */,
				301A45FE276255AD00F6810C /* meirong.png */,
				301A45FD276255AD00F6810C /* muying.png */,
				301A45F3276255AC00F6810C /* naicha.png */,
				301A4600276255AD00F6810C /* qiche.png */,
				301A45F5276255AC00F6810C /* shejiao.png */,
				301A4604276255AD00F6810C /* shuji.png */,
				301A45F4276255AC00F6810C /* shuma.png */,
				301A45F9276255AD00F6810C /* tongxun.png */,
				301A4606276255AD00F6810C /* wangluo.png */,
				301A460A276255AD00F6810C /* wenjv.png */,
				301A45F6276255AC00F6810C /* xiemao.png */,
				301A460C276255AD00F6810C /* yanjiu.png */,
				301A45F7276255AC00F6810C /* yifu.png */,
				301A4607276255AD00F6810C /* yiliao.png */,
				301A4605276255AD00F6810C /* yundong.png */,
				301A4603276255AD00F6810C /* yvle.png */,
				301A45F2276255AC00F6810C /* zhufang.png */,
			);
			path = icon;
			sourceTree = "<group>";
		};
		302A35D4274BF719003BAED3 /* DetailPage */ = {
			isa = PBXGroup;
			children = (
				3036FC26274C8D4B00ECDF89 /* DetailVC.h */,
				3036FC27274C8D5E00ECDF89 /* DetailVC.m */,
				30CF24852764AD4000C1C858 /* DetailNaviVC.h */,
				30CF24862764AD5200C1C858 /* DetailNaviVC.m */,
			);
			path = DetailPage;
			sourceTree = "<group>";
		};
		302A35D5274BF73E003BAED3 /* StartPage */ = {
			isa = PBXGroup;
			children = (
				302A35CE274BF2A1003BAED3 /* LoginVC.h */,
				302A35D0274BF2D2003BAED3 /* LoginVC.m */,
				302A35CF274BF2C0003BAED3 /* SignUpVC.h */,
				302A35D2274BF2E4003BAED3 /* SignUpVC.m */,
			);
			path = StartPage;
			sourceTree = "<group>";
		};
		302A35D6274BF772003BAED3 /* ChartPage */ = {
			isa = PBXGroup;
			children = (
				3036FC29274C8D7100ECDF89 /* ChartVC.h */,
				3036FC2A274C8D8000ECDF89 /* ChartVC.m */,
				309C33E727605869004D627C /* ChartNaviVC.m */,
				309C33E62760584B004D627C /* ChartNaviVC.h */,
				4B6DDF8E9D2CB34638E59AA0 /* SubViewPieVC.m */,
				4B6DDD7786427E9EA9C9CEA8 /* SubViewPieVC.h */,
			);
			path = ChartPage;
			sourceTree = "<group>";
		};
		302A35D7274BF7B4003BAED3 /* ExtendedPage */ = {
			isa = PBXGroup;
			children = (
				3036FC2E274C8E4400ECDF89 /* ExtendedVC.h */,
				3036FC2C274C8E3000ECDF89 /* ExtendedVC.m */,
			);
			path = ExtendedPage;
			sourceTree = "<group>";
		};
		302A35D8274BF81C003BAED3 /* PersonalPage */ = {
			isa = PBXGroup;
			children = (
				302B8838275C837400DB2EED /* SetingSrc */,
				3036FC2F274C8E5C00ECDF89 /* PersonalVC.h */,
				3036FC30274C8E6C00ECDF89 /* PersonalVC.m */,
				302B8835275C6D4800DB2EED /* SettingVC.h */,
				302B8836275C6D5600DB2EED /* SettingVC.m */,
			);
			path = PersonalPage;
			sourceTree = "<group>";
		};
		302A35D9274BF885003BAED3 /* NewEntry */ = {
			isa = PBXGroup;
			children = (
				3036FC32274C902600ECDF89 /* NewEntryVC.h */,
				3036FC33274C903600ECDF89 /* NewEntryVC.m */,
				30CF24822764990A00C1C858 /* NewEntryNaviVC.h */,
				30CF24832764991300C1C858 /* NewEntryNaviVC.m */,
			);
			path = NewEntry;
			sourceTree = "<group>";
		};
		302B8838275C837400DB2EED /* SetingSrc */ = {
			isa = PBXGroup;
			children = (
				302B883A275C858000DB2EED /* SettingRootVC.h */,
				302B8839275C858000DB2EED /* SettingRootVC.m */,
				302B5893275DE8AC0097B7C3 /* ModifyMes.h */,
				302B5894275DE8B70097B7C3 /* ModifyMes.m */,
				3CBBE4A92779F326009B6269 /* ChangePassword.h */,
				3CBBE4AA2779F335009B6269 /* ChangePassword.m */,
			);
			path = SetingSrc;
			sourceTree = "<group>";
		};
		3037CB08273D137C0013EEBB = {
			isa = PBXGroup;
			children = (
				3037CB13273D137C0013EEBB /* finalhw */,
				3037CB2F273D13840013EEBB /* finalhwTests */,
				3037CB39273D13850013EEBB /* finalhwUITests */,
				3037CB12273D137C0013EEBB /* Products */,
			);
			sourceTree = "<group>";
		};
		3037CB12273D137C0013EEBB /* Products */ = {
			isa = PBXGroup;
			children = (
				3037CB11273D137C0013EEBB /* finalhw.app */,
				3037CB2C273D13840013EEBB /* finalhwTests.xctest */,
				3037CB36273D13850013EEBB /* finalhwUITests.xctest */,
			);
			name = Products;
			sourceTree = "<group>";
		};
		3037CB13273D137C0013EEBB /* finalhw */ = {
			isa = PBXGroup;
			children = (
				301A45F0276238B600F6810C /* icon */,
				30FA7D7D275F00280075BEC6 /* DataManage */,
				30179570275A348800EB0002 /* Resources */,
				302A35D5274BF73E003BAED3 /* StartPage */,
				302A35D4274BF719003BAED3 /* DetailPage */,
				302A35D6274BF772003BAED3 /* ChartPage */,
				302A35D9274BF885003BAED3 /* NewEntry */,
				302A35D7274BF7B4003BAED3 /* ExtendedPage */,
				302A35D8274BF81C003BAED3 /* PersonalPage */,
				3037CB14273D137C0013EEBB /* AppDelegate.h */,
				3037CB15273D137C0013EEBB /* AppDelegate.m */,
				3037CB17273D137C0013EEBB /* SceneDelegate.h */,
				3037CB18273D137C0013EEBB /* SceneDelegate.m */,
				3037CB1A273D137C0013EEBB /* TabBarVC.h */,
				3037CB1B273D137C0013EEBB /* TabBarVC.m */,
				3017956B27589B0900EB0002 /* StartNaviVC.h */,
				3017956927589AF300EB0002 /* StartNaviVC.m */,
				3037CB26273D13840013EEBB /* main.m */,
				3037CB25273D13840013EEBB /* Info.plist */,
				3037CB20273D13840013EEBB /* Assets.xcassets */,
				3037CB22273D13840013EEBB /* LaunchScreen.storyboard */,
				3017956C2758C1D400EB0002 /* keepMethod.m */,
			);
			path = finalhw;
			sourceTree = "<group>";
		};
		3037CB2F273D13840013EEBB /* finalhwTests */ = {
			isa = PBXGroup;
			children = (
				3037CB30273D13840013EEBB /* finalhwTests.m */,
			);
			path = finalhwTests;
			sourceTree = "<group>";
		};
		3037CB39273D13850013EEBB /* finalhwUITests */ = {
			isa = PBXGroup;
			children = (
				3037CB3A273D13850013EEBB /* finalhwUITests.m */,
				3037CB3C273D13850013EEBB /* finalhwUITestsLaunchTests.m */,
			);
			path = finalhwUITests;
			sourceTree = "<group>";
		};
		30FA7D7D275F00280075BEC6 /* DataManage */ = {
			isa = PBXGroup;
			children = (
				30FA7D7E275F00870075BEC6 /* DataManage.h */,
				30FA7D7F275F00990075BEC6 /* DataManage.m */,
			);
			path = DataManage;
			sourceTree = "<group>";
		};
/* End PBXGroup section */

/* Begin PBXNativeTarget section */
		3037CB10273D137C0013EEBB /* finalhw */ = {
			isa = PBXNativeTarget;
			buildConfigurationList = 3037CB40273D13850013EEBB /* Build configuration list for PBXNativeTarget "finalhw" */;
			buildPhases = (
				3037CB0D273D137C0013EEBB /* Sources */,
				3037CB0E273D137C0013EEBB /* Frameworks */,
				3037CB0F273D137C0013EEBB /* Resources */,
			);
			buildRules = (
			);
			dependencies = (
			);
			name = finalhw;
			productName = finalhw;
			productReference = 3037CB11273D137C0013EEBB /* finalhw.app */;
			productType = "com.apple.product-type.application";
		};
		3037CB2B273D13840013EEBB /* finalhwTests */ = {
			isa = PBXNativeTarget;
			buildConfigurationList = 3037CB43273D13850013EEBB /* Build configuration list for PBXNativeTarget "finalhwTests" */;
			buildPhases = (
				3037CB28273D13840013EEBB /* Sources */,
				3037CB29273D13840013EEBB /* Frameworks */,
				3037CB2A273D13840013EEBB /* Resources */,
			);
			buildRules = (
			);
			dependencies = (
				3037CB2E273D13840013EEBB /* PBXTargetDependency */,
			);
			name = finalhwTests;
			productName = finalhwTests;
			productReference = 3037CB2C273D13840013EEBB /* finalhwTests.xctest */;
			productType = "com.apple.product-type.bundle.unit-test";
		};
		3037CB35273D13850013EEBB /* finalhwUITests */ = {
			isa = PBXNativeTarget;
			buildConfigurationList = 3037CB46273D13850013EEBB /* Build configuration list for PBXNativeTarget "finalhwUITests" */;
			buildPhases = (
				3037CB32273D13850013EEBB /* Sources */,
				3037CB33273D13850013EEBB /* Frameworks */,
				3037CB34273D13850013EEBB /* Resources */,
			);
			buildRules = (
			);
			dependencies = (
				3037CB38273D13850013EEBB /* PBXTargetDependency */,
			);
			name = finalhwUITests;
			productName = finalhwUITests;
			productReference = 3037CB36273D13850013EEBB /* finalhwUITests.xctest */;
			productType = "com.apple.product-type.bundle.ui-testing";
		};
/* End PBXNativeTarget section */

/* Begin PBXProject section */
		3037CB09273D137C0013EEBB /* Project object */ = {
			isa = PBXProject;
			attributes = {
				BuildIndependentTargetsInParallel = 1;
				LastUpgradeCheck = 1300;
				TargetAttributes = {
					3037CB10273D137C0013EEBB = {
						CreatedOnToolsVersion = 13.0;
					};
					3037CB2B273D13840013EEBB = {
						CreatedOnToolsVersion = 13.0;
						TestTargetID = 3037CB10273D137C0013EEBB;
					};
					3037CB35273D13850013EEBB = {
						CreatedOnToolsVersion = 13.0;
						TestTargetID = 3037CB10273D137C0013EEBB;
					};
				};
			};
			buildConfigurationList = 3037CB0C273D137C0013EEBB /* Build configuration list for PBXProject "finalhw" */;
			compatibilityVersion = "Xcode 13.0";
			developmentRegion = en;
			hasScannedForEncodings = 0;
			knownRegions = (
				en,
				Base,
			);
			mainGroup = 3037CB08273D137C0013EEBB;
			productRefGroup = 3037CB12273D137C0013EEBB /* Products */;
			projectDirPath = "";
			projectRoot = "";
			targets = (
				3037CB10273D137C0013EEBB /* finalhw */,
				3037CB2B273D13840013EEBB /* finalhwTests */,
				3037CB35273D13850013EEBB /* finalhwUITests */,
			);
		};
/* End PBXProject section */

/* Begin PBXResourcesBuildPhase section */
		3037CB0F273D137C0013EEBB /* Resources */ = {
			isa = PBXResourcesBuildPhase;
			buildActionMask = 2147483647;
			files = (
				301A4619276255AE00F6810C /* dianying.png in Resources */,
				301A4618276255AE00F6810C /* jianshen.png in Resources */,
				301A4611276255AE00F6810C /* shuma.png in Resources */,
				302B8840275D11D900DB2EED /* settingIcon.png in Resources */,
				301A461E276255AE00F6810C /* licai.png in Resources */,
				301A4615276255AE00F6810C /* caipiao.png in Resources */,
				301A4627276255AE00F6810C /* wenjv.png in Resources */,
				301A460F276255AE00F6810C /* zhufang.png in Resources */,
				301A4621276255AE00F6810C /* shuji.png in Resources */,
				301A4610276255AE00F6810C /* naicha.png in Resources */,
				302B883F275D11D900DB2EED /* userImg.png in Resources */,
				301A462A276255AE00F6810C /* jiezhi.png in Resources */,
				3CBBE4AD2779F3FD009B6269 /* add.png in Resources */,
				301A4628276255AE00F6810C /* lingshi.png in Resources */,
				301A4612276255AE00F6810C /* shejiao.png in Resources */,
				301A4629276255AE00F6810C /* yanjiu.png in Resources */,
				30179573275A36AC00EB0002 /* userTest.png in Resources */,
				301A4620276255AE00F6810C /* yvle.png in Resources */,
				301A4622276255AE00F6810C /* yundong.png in Resources */,
				3037CB24273D13840013EEBB /* LaunchScreen.storyboard in Resources */,
				301A4624276255AE00F6810C /* yiliao.png in Resources */,
				DFB56A07277B503600D9F8B6 /* extend.png in Resources */,
				301A4623276255AE00F6810C /* wangluo.png in Resources */,
				301A4613276255AE00F6810C /* xiemao.png in Resources */,
				301A4617276255AE00F6810C /* jiaotong.png in Resources */,
				301A4626276255AE00F6810C /* fangdai.png in Resources */,
				301A4614276255AE00F6810C /* yifu.png in Resources */,
				301A461D276255AE00F6810C /* qiche.png in Resources */,
				301A461A276255AE00F6810C /* muying.png in Resources */,
				302B8841275D11D900DB2EED /* detailIcon.png in Resources */,
				301A4625276255AE00F6810C /* canyin.png in Resources */,
				301A4616276255AE00F6810C /* tongxun.png in Resources */,
				301A461F276255AE00F6810C /* lvyou.png in Resources */,
				3037CB21273D13840013EEBB /* Assets.xcassets in Resources */,
				301A460E276255AE00F6810C /* guoshu.png in Resources */,
				301A461C276255AE00F6810C /* chongwu.png in Resources */,
				301A461B276255AE00F6810C /* meirong.png in Resources */,
				4B6DD1C4C26C51F412476C2F /* yes.png in Resources */,
				4B6DDBD47EF37CD4C86FA7CB /* no.png in Resources */,
				4B6DD396E7625A72E1871F6A /* cal.png in Resources */,
			);
			runOnlyForDeploymentPostprocessing = 0;
		};
		3037CB2A273D13840013EEBB /* Resources */ = {
			isa = PBXResourcesBuildPhase;
			buildActionMask = 2147483647;
			files = (
			);
			runOnlyForDeploymentPostprocessing = 0;
		};
		3037CB34273D13850013EEBB /* Resources */ = {
			isa = PBXResourcesBuildPhase;
			buildActionMask = 2147483647;
			files = (
			);
			runOnlyForDeploymentPostprocessing = 0;
		};
/* End PBXResourcesBuildPhase section */

/* Begin PBXSourcesBuildPhase section */
		3037CB0D273D137C0013EEBB /* Sources */ = {
			isa = PBXSourcesBuildPhase;
			buildActionMask = 2147483647;
			files = (
				302B5895275DE8B70097B7C3 /* ModifyMes.m in Sources */,
				3036FC31274C8E6C00ECDF89 /* PersonalVC.m in Sources */,
				30CF24872764AD5200C1C858 /* DetailNaviVC.m in Sources */,
				302B8837275C6D5600DB2EED /* SettingVC.m in Sources */,
				302A35D3274BF2E4003BAED3 /* SignUpVC.m in Sources */,
				3037CB1C273D137C0013EEBB /* TabBarVC.m in Sources */,
				3037CB16273D137C0013EEBB /* AppDelegate.m in Sources */,
				3036FC28274C8D5E00ECDF89 /* DetailVC.m in Sources */,
				3036FC34274C903600ECDF89 /* NewEntryVC.m in Sources */,
				302A35D1274BF2D2003BAED3 /* LoginVC.m in Sources */,
				3037CB27273D13840013EEBB /* main.m in Sources */,
				30FA7D80275F00990075BEC6 /* DataManage.m in Sources */,
				30CF24842764991300C1C858 /* NewEntryNaviVC.m in Sources */,
				302B883B275C858000DB2EED /* SettingRootVC.m in Sources */,
				3036FC2D274C8E3000ECDF89 /* ExtendedVC.m in Sources */,
				3017956A27589AF300EB0002 /* StartNaviVC.m in Sources */,
				309C33E827605869004D627C /* ChartNaviVC.m in Sources */,
				3037CB19273D137C0013EEBB /* SceneDelegate.m in Sources */,
				3036FC2B274C8D8000ECDF89 /* ChartVC.m in Sources */,
				3CBBE4AB2779F335009B6269 /* ChangePassword.m in Sources */,
				4B6DD40FDC184E0B5C5FF116 /* SubViewPieVC.m in Sources */,
			);
			runOnlyForDeploymentPostprocessing = 0;
		};
		3037CB28273D13840013EEBB /* Sources */ = {
			isa = PBXSourcesBuildPhase;
			buildActionMask = 2147483647;
			files = (
				3037CB31273D13840013EEBB /* finalhwTests.m in Sources */,
			);
			runOnlyForDeploymentPostprocessing = 0;
		};
		3037CB32273D13850013EEBB /* Sources */ = {
			isa = PBXSourcesBuildPhase;
			buildActionMask = 2147483647;
			files = (
				3037CB3D273D13850013EEBB /* finalhwUITestsLaunchTests.m in Sources */,
				3037CB3B273D13850013EEBB /* finalhwUITests.m in Sources */,
			);
			runOnlyForDeploymentPostprocessing = 0;
		};
/* End PBXSourcesBuildPhase section */

/* Begin PBXTargetDependency section */
		3037CB2E273D13840013EEBB /* PBXTargetDependency */ = {
			isa = PBXTargetDependency;
			target = 3037CB10273D137C0013EEBB /* finalhw */;
			targetProxy = 3037CB2D273D13840013EEBB /* PBXContainerItemProxy */;
		};
		3037CB38273D13850013EEBB /* PBXTargetDependency */ = {
			isa = PBXTargetDependency;
			target = 3037CB10273D137C0013EEBB /* finalhw */;
			targetProxy = 3037CB37273D13850013EEBB /* PBXContainerItemProxy */;
		};
/* End PBXTargetDependency section */

/* Begin PBXVariantGroup section */
		3037CB22273D13840013EEBB /* LaunchScreen.storyboard */ = {
			isa = PBXVariantGroup;
			children = (
				3037CB23273D13840013EEBB /* Base */,
			);
			name = LaunchScreen.storyboard;
			sourceTree = "<group>";
		};
/* End PBXVariantGroup section */

/* Begin XCBuildConfiguration section */
		3037CB3E273D13850013EEBB /* Debug */ = {
			isa = XCBuildConfiguration;
			buildSettings = {
				ALWAYS_SEARCH_USER_PATHS = NO;
				CLANG_ANALYZER_NONNULL = YES;
				CLANG_ANALYZER_NUMBER_OBJECT_CONVERSION = YES_AGGRESSIVE;
				CLANG_CXX_LANGUAGE_STANDARD = "gnu++17";
				CLANG_CXX_LIBRARY = "libc++";
				CLANG_ENABLE_MODULES = YES;
				CLANG_ENABLE_OBJC_ARC = YES;
				CLANG_ENABLE_OBJC_WEAK = YES;
				CLANG_WARN_BLOCK_CAPTURE_AUTORELEASING = YES;
				CLANG_WARN_BOOL_CONVERSION = YES;
				CLANG_WARN_COMMA = YES;
				CLANG_WARN_CONSTANT_CONVERSION = YES;
				CLANG_WARN_DEPRECATED_OBJC_IMPLEMENTATIONS = YES;
				CLANG_WARN_DIRECT_OBJC_ISA_USAGE = YES_ERROR;
				CLANG_WARN_DOCUMENTATION_COMMENTS = YES;
				CLANG_WARN_EMPTY_BODY = YES;
				CLANG_WARN_ENUM_CONVERSION = YES;
				CLANG_WARN_INFINITE_RECURSION = YES;
				CLANG_WARN_INT_CONVERSION = YES;
				CLANG_WARN_NON_LITERAL_NULL_CONVERSION = YES;
				CLANG_WARN_OBJC_IMPLICIT_RETAIN_SELF = YES;
				CLANG_WARN_OBJC_LITERAL_CONVERSION = YES;
				CLANG_WARN_OBJC_ROOT_CLASS = YES_ERROR;
				CLANG_WARN_QUOTED_INCLUDE_IN_FRAMEWORK_HEADER = YES;
				CLANG_WARN_RANGE_LOOP_ANALYSIS = YES;
				CLANG_WARN_STRICT_PROTOTYPES = YES;
				CLANG_WARN_SUSPICIOUS_MOVE = YES;
				CLANG_WARN_UNGUARDED_AVAILABILITY = YES_AGGRESSIVE;
				CLANG_WARN_UNREACHABLE_CODE = YES;
				CLANG_WARN__DUPLICATE_METHOD_MATCH = YES;
				COPY_PHASE_STRIP = NO;
				DEBUG_INFORMATION_FORMAT = dwarf;
				ENABLE_STRICT_OBJC_MSGSEND = YES;
				ENABLE_TESTABILITY = YES;
				GCC_C_LANGUAGE_STANDARD = gnu11;
				GCC_DYNAMIC_NO_PIC = NO;
				GCC_NO_COMMON_BLOCKS = YES;
				GCC_OPTIMIZATION_LEVEL = 0;
				GCC_PREPROCESSOR_DEFINITIONS = (
					"DEBUG=1",
					"$(inherited)",
				);
				GCC_WARN_64_TO_32_BIT_CONVERSION = YES;
				GCC_WARN_ABOUT_RETURN_TYPE = YES_ERROR;
				GCC_WARN_UNDECLARED_SELECTOR = YES;
				GCC_WARN_UNINITIALIZED_AUTOS = YES_AGGRESSIVE;
				GCC_WARN_UNUSED_FUNCTION = YES;
				GCC_WARN_UNUSED_VARIABLE = YES;
				IPHONEOS_DEPLOYMENT_TARGET = 15.0;
				MTL_ENABLE_DEBUG_INFO = INCLUDE_SOURCE;
				MTL_FAST_MATH = YES;
				ONLY_ACTIVE_ARCH = YES;
				SDKROOT = iphoneos;
			};
			name = Debug;
		};
		3037CB3F273D13850013EEBB /* Release */ = {
			isa = XCBuildConfiguration;
			buildSettings = {
				ALWAYS_SEARCH_USER_PATHS = NO;
				CLANG_ANALYZER_NONNULL = YES;
				CLANG_ANALYZER_NUMBER_OBJECT_CONVERSION = YES_AGGRESSIVE;
				CLANG_CXX_LANGUAGE_STANDARD = "gnu++17";
				CLANG_CXX_LIBRARY = "libc++";
				CLANG_ENABLE_MODULES = YES;
				CLANG_ENABLE_OBJC_ARC = YES;
				CLANG_ENABLE_OBJC_WEAK = YES;
				CLANG_WARN_BLOCK_CAPTURE_AUTORELEASING = YES;
				CLANG_WARN_BOOL_CONVERSION = YES;
				CLANG_WARN_COMMA = YES;
				CLANG_WARN_CONSTANT_CONVERSION = YES;
				CLANG_WARN_DEPRECATED_OBJC_IMPLEMENTATIONS = YES;
				CLANG_WARN_DIRECT_OBJC_ISA_USAGE = YES_ERROR;
				CLANG_WARN_DOCUMENTATION_COMMENTS = YES;
				CLANG_WARN_EMPTY_BODY = YES;
				CLANG_WARN_ENUM_CONVERSION = YES;
				CLANG_WARN_INFINITE_RECURSION = YES;
				CLANG_WARN_INT_CONVERSION = YES;
				CLANG_WARN_NON_LITERAL_NULL_CONVERSION = YES;
				CLANG_WARN_OBJC_IMPLICIT_RETAIN_SELF = YES;
				CLANG_WARN_OBJC_LITERAL_CONVERSION = YES;
				CLANG_WARN_OBJC_ROOT_CLASS = YES_ERROR;
				CLANG_WARN_QUOTED_INCLUDE_IN_FRAMEWORK_HEADER = YES;
				CLANG_WARN_RANGE_LOOP_ANALYSIS = YES;
				CLANG_WARN_STRICT_PROTOTYPES = YES;
				CLANG_WARN_SUSPICIOUS_MOVE = YES;
				CLANG_WARN_UNGUARDED_AVAILABILITY = YES_AGGRESSIVE;
				CLANG_WARN_UNREACHABLE_CODE = YES;
				CLANG_WARN__DUPLICATE_METHOD_MATCH = YES;
				COPY_PHASE_STRIP = NO;
				DEBUG_INFORMATION_FORMAT = "dwarf-with-dsym";
				ENABLE_NS_ASSERTIONS = NO;
				ENABLE_STRICT_OBJC_MSGSEND = YES;
				GCC_C_LANGUAGE_STANDARD = gnu11;
				GCC_NO_COMMON_BLOCKS = YES;
				GCC_WARN_64_TO_32_BIT_CONVERSION = YES;
				GCC_WARN_ABOUT_RETURN_TYPE = YES_ERROR;
				GCC_WARN_UNDECLARED_SELECTOR = YES;
				GCC_WARN_UNINITIALIZED_AUTOS = YES_AGGRESSIVE;
				GCC_WARN_UNUSED_FUNCTION = YES;
				GCC_WARN_UNUSED_VARIABLE = YES;
				IPHONEOS_DEPLOYMENT_TARGET = 15.0;
				MTL_ENABLE_DEBUG_INFO = NO;
				MTL_FAST_MATH = YES;
				SDKROOT = iphoneos;
				VALIDATE_PRODUCT = YES;
			};
			name = Release;
		};
		3037CB41273D13850013EEBB /* Debug */ = {
			isa = XCBuildConfiguration;
			buildSettings = {
				ASSETCATALOG_COMPILER_APPICON_NAME = AppIcon;
				ASSETCATALOG_COMPILER_GLOBAL_ACCENT_COLOR_NAME = AccentColor;
				CODE_SIGN_STYLE = Automatic;
				CURRENT_PROJECT_VERSION = 1;
				DEVELOPMENT_TEAM = RSK986NBYN;
				GENERATE_INFOPLIST_FILE = YES;
				INFOPLIST_FILE = finalhw/Info.plist;
				INFOPLIST_KEY_UIApplicationSupportsIndirectInputEvents = YES;
				INFOPLIST_KEY_UILaunchStoryboardName = LaunchScreen;
				INFOPLIST_KEY_UISupportedInterfaceOrientations_iPad = "UIInterfaceOrientationPortrait UIInterfaceOrientationPortraitUpsideDown UIInterfaceOrientationLandscapeLeft UIInterfaceOrientationLandscapeRight";
				INFOPLIST_KEY_UISupportedInterfaceOrientations_iPhone = "UIInterfaceOrientationPortrait UIInterfaceOrientationLandscapeLeft UIInterfaceOrientationLandscapeRight";
				LD_RUNPATH_SEARCH_PATHS = (
					"$(inherited)",
					"@executable_path/Frameworks",
				);
				MARKETING_VERSION = 1.0;
				PRODUCT_BUNDLE_IDENTIFIER = hungyam.finalhw;
				PRODUCT_NAME = "$(TARGET_NAME)";
				SWIFT_EMIT_LOC_STRINGS = YES;
				TARGETED_DEVICE_FAMILY = "1,2";
			};
			name = Debug;
		};
		3037CB42273D13850013EEBB /* Release */ = {
			isa = XCBuildConfiguration;
			buildSettings = {
				ASSETCATALOG_COMPILER_APPICON_NAME = AppIcon;
				ASSETCATALOG_COMPILER_GLOBAL_ACCENT_COLOR_NAME = AccentColor;
				CODE_SIGN_STYLE = Automatic;
				CURRENT_PROJECT_VERSION = 1;
				DEVELOPMENT_TEAM = RSK986NBYN;
				GENERATE_INFOPLIST_FILE = YES;
				INFOPLIST_FILE = finalhw/Info.plist;
				INFOPLIST_KEY_UIApplicationSupportsIndirectInputEvents = YES;
				INFOPLIST_KEY_UILaunchStoryboardName = LaunchScreen;
				INFOPLIST_KEY_UISupportedInterfaceOrientations_iPad = "UIInterfaceOrientationPortrait UIInterfaceOrientationPortraitUpsideDown UIInterfaceOrientationLandscapeLeft UIInterfaceOrientationLandscapeRight";
				INFOPLIST_KEY_UISupportedInterfaceOrientations_iPhone = "UIInterfaceOrientationPortrait UIInterfaceOrientationLandscapeLeft UIInterfaceOrientationLandscapeRight";
				LD_RUNPATH_SEARCH_PATHS = (
					"$(inherited)",
					"@executable_path/Frameworks",
				);
				MARKETING_VERSION = 1.0;
				PRODUCT_BUNDLE_IDENTIFIER = hungyam.finalhw;
				PRODUCT_NAME = "$(TARGET_NAME)";
				SWIFT_EMIT_LOC_STRINGS = YES;
				TARGETED_DEVICE_FAMILY = "1,2";
			};
			name = Release;
		};
		3037CB44273D13850013EEBB /* Debug */ = {
			isa = XCBuildConfiguration;
			buildSettings = {
				BUNDLE_LOADER = "$(TEST_HOST)";
				CODE_SIGN_STYLE = Automatic;
				CURRENT_PROJECT_VERSION = 1;
				DEVELOPMENT_TEAM = RSK986NBYN;
				GENERATE_INFOPLIST_FILE = YES;
				IPHONEOS_DEPLOYMENT_TARGET = 15.0;
				LD_RUNPATH_SEARCH_PATHS = (
					"$(inherited)",
					"@executable_path/Frameworks",
					"@loader_path/Frameworks",
				);
				MARKETING_VERSION = 1.0;
				PRODUCT_BUNDLE_IDENTIFIER = hungyam.finalhwTests;
				PRODUCT_NAME = "$(TARGET_NAME)";
				SWIFT_EMIT_LOC_STRINGS = NO;
				TARGETED_DEVICE_FAMILY = "1,2";
				TEST_HOST = "$(BUILT_PRODUCTS_DIR)/finalhw.app/finalhw";
			};
			name = Debug;
		};
		3037CB45273D13850013EEBB /* Release */ = {
			isa = XCBuildConfiguration;
			buildSettings = {
				BUNDLE_LOADER = "$(TEST_HOST)";
				CODE_SIGN_STYLE = Automatic;
				CURRENT_PROJECT_VERSION = 1;
				DEVELOPMENT_TEAM = RSK986NBYN;
				GENERATE_INFOPLIST_FILE = YES;
				IPHONEOS_DEPLOYMENT_TARGET = 15.0;
				LD_RUNPATH_SEARCH_PATHS = (
					"$(inherited)",
					"@executable_path/Frameworks",
					"@loader_path/Frameworks",
				);
				MARKETING_VERSION = 1.0;
				PRODUCT_BUNDLE_IDENTIFIER = hungyam.finalhwTests;
				PRODUCT_NAME = "$(TARGET_NAME)";
				SWIFT_EMIT_LOC_STRINGS = NO;
				TARGETED_DEVICE_FAMILY = "1,2";
				TEST_HOST = "$(BUILT_PRODUCTS_DIR)/finalhw.app/finalhw";
			};
			name = Release;
		};
		3037CB47273D13850013EEBB /* Debug */ = {
			isa = XCBuildConfiguration;
			buildSettings = {
				CODE_SIGN_STYLE = Automatic;
				CURRENT_PROJECT_VERSION = 1;
				DEVELOPMENT_TEAM = RSK986NBYN;
				GENERATE_INFOPLIST_FILE = YES;
				LD_RUNPATH_SEARCH_PATHS = (
					"$(inherited)",
					"@executable_path/Frameworks",
					"@loader_path/Frameworks",
				);
				MARKETING_VERSION = 1.0;
				PRODUCT_BUNDLE_IDENTIFIER = hungyam.finalhwUITests;
				PRODUCT_NAME = "$(TARGET_NAME)";
				SWIFT_EMIT_LOC_STRINGS = NO;
				TARGETED_DEVICE_FAMILY = "1,2";
				TEST_TARGET_NAME = finalhw;
			};
			name = Debug;
		};
		3037CB48273D13850013EEBB /* Release */ = {
			isa = XCBuildConfiguration;
			buildSettings = {
				CODE_SIGN_STYLE = Automatic;
				CURRENT_PROJECT_VERSION = 1;
				DEVELOPMENT_TEAM = RSK986NBYN;
				GENERATE_INFOPLIST_FILE = YES;
				LD_RUNPATH_SEARCH_PATHS = (
					"$(inherited)",
					"@executable_path/Frameworks",
					"@loader_path/Frameworks",
				);
				MARKETING_VERSION = 1.0;
				PRODUCT_BUNDLE_IDENTIFIER = hungyam.finalhwUITests;
				PRODUCT_NAME = "$(TARGET_NAME)";
				SWIFT_EMIT_LOC_STRINGS = NO;
				TARGETED_DEVICE_FAMILY = "1,2";
				TEST_TARGET_NAME = finalhw;
			};
			name = Release;
		};
/* End XCBuildConfiguration section */

/* Begin XCConfigurationList section */
		3037CB0C273D137C0013EEBB /* Build configuration list for PBXProject "finalhw" */ = {
			isa = XCConfigurationList;
			buildConfigurations = (
				3037CB3E273D13850013EEBB /* Debug */,
				3037CB3F273D13850013EEBB /* Release */,
			);
			defaultConfigurationIsVisible = 0;
			defaultConfigurationName = Release;
		};
		3037CB40273D13850013EEBB /* Build configuration list for PBXNativeTarget "finalhw" */ = {
			isa = XCConfigurationList;
			buildConfigurations = (
				3037CB41273D13850013EEBB /* Debug */,
				3037CB42273D13850013EEBB /* Release */,
			);
			defaultConfigurationIsVisible = 0;
			defaultConfigurationName = Release;
		};
		3037CB43273D13850013EEBB /* Build configuration list for PBXNativeTarget "finalhwTests" */ = {
			isa = XCConfigurationList;
			buildConfigurations = (
				3037CB44273D13850013EEBB /* Debug */,
				3037CB45273D13850013EEBB /* Release */,
			);
			defaultConfigurationIsVisible = 0;
			defaultConfigurationName = Release;
		};
		3037CB46273D13850013EEBB /* Build configuration list for PBXNativeTarget "finalhwUITests" */ = {
			isa = XCConfigurationList;
			buildConfigurations = (
				3037CB47273D13850013EEBB /* Debug */,
				3037CB48273D13850013EEBB /* Release */,
			);
			defaultConfigurationIsVisible = 0;
			defaultConfigurationName = Release;
		};
/* End XCConfigurationList section */
	};
	rootObject = 3037CB09273D137C0013EEBB /* Project object */;
}
